
Microsoft Visual Studio Solution File, Format Version 12.00
# Visual Studio 15
VisualStudioVersion = 15.0.28307.1259
MinimumVisualStudioVersion = 10.0.40219.1
Project("{8BC9CEB8-8B4A-11D0-8D11-00A0C91BC942}") = "EdgeDetection", "EdgeDetection\EdgeDetection.vcxproj", "{6DA29390-A231-419A-9907-A4D40C717C99}"
EndProject
Global
	GlobalSection(SolutionConfigurationPlatforms) = preSolution
		Debug|x64 = Debug|x64
		Debug|x86 = Debug|x86
		Release|x64 = Release|x64
		Release|x86 = Release|x86
	EndGlobalSection
	GlobalSection(ProjectConfigurationPlatforms) = postSolution
		{6DA29390-A231-419A-9907-A4D40C717C99}.Debug|x64.ActiveCfg = Debug|x64
		{6DA29390-A231-419A-9907-A4D40C717C99}.Debug|x64.Build.0 = Debug|x64
		{6DA29390-A231-419A-9907-A4D40C717C99}.Debug|x86.ActiveCfg = Debug|Win32
		{6DA29390-A231-419A-9907-A4D40C717C99}.Debug|x86.Build.0 = Debug|Win32
		{6DA29390-A231-419A-9907-A4D40C717C99}.Release|x64.ActiveCfg = Release|x64
		{6DA29390-A231-419A-9907-A4D40C717C99}.Release|x64.Build.0 = Release|x64
		{6DA29390-A231-419A-9907-A4D40C717C99}.Release|x86.ActiveCfg = Release|Win32
		{6DA29390-A231-419A-9907-A4D40C717C99}.Release|x86.Build.0 = Release|Win32
	EndGlobalSection
	GlobalSection(SolutionProperties) = preSolution
		HideSolutionNode = FALSE
	EndGlobalSection
	GlobalSection(ExtensibilityGlobals) = postSolution
		SolutionGuid = {693F7B33-2472-43BF-8B45-A0F41C0CE8E1}
	EndGlobalSection
EndGlobal
